
Microsoft Visual Studio Solution File, Format Version 12.00
# Visual Studio 2012
Project("{FAE04EC0-301F-11D3-BF4B-00C04F79EFBC}") = "Genesis.App", "Genesis.App\Genesis.App.csproj", "{DD4CD866-B219-4BCF-A008-18CD0629B96D}"
EndProject
Project("{2150E333-8FDC-42A3-9474-1A3956D46DE8}") = ".nuget", ".nuget", "{441E1503-4043-4624-92E1-A2378823727D}"
	ProjectSection(SolutionItems) = preProject
		.nuget\NuGet.Config = .nuget\NuGet.Config
		.nuget\NuGet.exe = .nuget\NuGet.exe
		.nuget\NuGet.targets = .nuget\NuGet.targets
	EndProjectSection
EndProject
Global
	GlobalSection(SolutionConfigurationPlatforms) = preSolution
		Debug|Any CPU = Debug|Any CPU
		Debug|x86 = Debug|x86
		Release|Any CPU = Release|Any CPU
		Release|x86 = Release|x86
	EndGlobalSection
	GlobalSection(ProjectConfigurationPlatforms) = postSolution
		{DD4CD866-B219-4BCF-A008-18CD0629B96D}.Debug|Any CPU.ActiveCfg = Debug|Any CPU
		{DD4CD866-B219-4BCF-A008-18CD0629B96D}.Debug|Any CPU.Build.0 = Debug|Any CPU
		{DD4CD866-B219-4BCF-A008-18CD0629B96D}.Debug|x86.ActiveCfg = Debug|x86
		{DD4CD866-B219-4BCF-A008-18CD0629B96D}.Debug|x86.Build.0 = Debug|x86
		{DD4CD866-B219-4BCF-A008-18CD0629B96D}.Release|Any CPU.ActiveCfg = Release|Any CPU
		{DD4CD866-B219-4BCF-A008-18CD0629B96D}.Release|Any CPU.Build.0 = Release|Any CPU
		{DD4CD866-B219-4BCF-A008-18CD0629B96D}.Release|x86.ActiveCfg = Release|x86
		{DD4CD866-B219-4BCF-A008-18CD0629B96D}.Release|x86.Build.0 = Release|x86
	EndGlobalSection
	GlobalSection(SolutionProperties) = preSolution
		HideSolutionNode = FALSE
	EndGlobalSection
EndGlobal
